
Microsoft Visual Studio Solution File, Format Version 12.00
# Visual Studio 15
VisualStudioVersion = 15.0.28307.1082
MinimumVisualStudioVersion = 10.0.40219.1
Project("{FAE04EC0-301F-11D3-BF4B-00C04F79EFBC}") = "DoanNgocThuan103", "DoanNgocThuan103\DoanNgocThuan103.csproj", "{CBA6B5C1-A1D6-40AC-8EBE-A3AD524F8803}"
EndProject
Global
	GlobalSection(SolutionConfigurationPlatforms) = preSolution
		Debug|Any CPU = Debug|Any CPU
		Release|Any CPU = Release|Any CPU
	EndGlobalSection
	GlobalSection(ProjectConfigurationPlatforms) = postSolution
		{CBA6B5C1-A1D6-40AC-8EBE-A3AD524F8803}.Debug|Any CPU.ActiveCfg = Debug|Any CPU
		{CBA6B5C1-A1D6-40AC-8EBE-A3AD524F8803}.Debug|Any CPU.Build.0 = Debug|Any CPU
		{CBA6B5C1-A1D6-40AC-8EBE-A3AD524F8803}.Release|Any CPU.ActiveCfg = Release|Any CPU
		{CBA6B5C1-A1D6-40AC-8EBE-A3AD524F8803}.Release|Any CPU.Build.0 = Release|Any CPU
	EndGlobalSection
	GlobalSection(SolutionProperties) = preSolution
		HideSolutionNode = FALSE
	EndGlobalSection
	GlobalSection(ExtensibilityGlobals) = postSolution
		SolutionGuid = {96120CE3-2B4C-4182-8F29-90312C8D0052}
	EndGlobalSection
EndGlobal
